{
    "_meta": {
        "hash": {
            "sha256": "d8f91475af41ccd8b7bea65c006cda6e06f0a682537bc92445ee19076de66156"
        },
        "pipfile-spec": 6,
        "requires": {
            "python_version": "3.10"
        },
        "sources": [
            {
                "name": "pypi",
                "url": "https://pypi.org/simple",
                "verify_ssl": true
            }
        ]
    },
    "default": {
        "anyio": {
            "hashes": [
                "sha256:25ea0d673ae30af41a0c442f81cf3b38c7e79fdc7b60335a4c14e05eb0947421",
                "sha256:fbbe32bd270d2a2ef3ed1c5d45041250284e31fc0a4df4a5a6071842051a51e3"
            ],
            "markers": "python_full_version >= '3.6.2'",
            "version": "==3.6.2"
        },
        "click": {
            "hashes": [
                "sha256:7682dc8afb30297001674575ea00d1814d808d6a36af415a82bd481d37ba7b8e",
                "sha256:bb4d8133cb15a609f44e8213d9b391b0809795062913b383c62be0ee95b1db48"
            ],
            "markers": "python_version >= '3.7'",
            "version": "==8.1.3"
        },
        "confluent-kafka": {
            "hashes": [
                "sha256:003bab03e35bbcfa11b5aa17c99d7c46cf10ce526420e8527b80a15eb0b25ff7",
                "sha256:075521da9b7b35a8d57f1dc7a34ef38643c3cb21db39561cf28cf60e548e4835",
                "sha256:0ccdea96b5fb47deb965bec87371dc7abda46ff705ebcfc238c1afaa69ebd919",
                "sha256:1587a279603f19aa3a4ad3c861495dc3519601bd47152587d6a854172bbef3a7",
                "sha256:1da000702d3bd29ac28a11660f45b8fa86210c650cc1f10799e26d201501d1b2",
                "sha256:3f8b01b1cbbe456dbe663a2517b040bce83fef5e246fc44c6e5d9a163871ee78",
                "sha256:42ee096c53bf7d829b311189ef01ea7793a3f1c1538688d78e5a6a17f75f27f1",
                "sha256:57dd5b0dfef8272a3ce28ba404ae1833cc10c72c5779d03363f6b9a4b7862ef5",
                "sha256:5ec9e49084b8706564f210466f4aa6041b4d1abf30bca5844b58e11bb315ef54",
                "sha256:6fc7bb716c675779c675dda460f6df5686b153573f603976dd392bf8fca321e2",
                "sha256:719dcee6a634269105c8c80f1746032fdf247caebcd66f1c4e821b07c0648898",
                "sha256:7d05de0d4b16f2a4f3ff4780ffd556259e594a35a227877b1ab033cafdbf8028",
                "sha256:7ebabc9cc488d5652dbf9ba28e149b5396c5eb5025792c7a6ae01dbf17ae8b37",
                "sha256:8a805d5ffdc4830b37e24fed6465b8df02da7ea4e51571e4399a358cb7a381e7",
                "sha256:91ce9aa799b1e7ba0bb03d06e134d3dfb49e4a62cc21b3708b47ce2caecc5e31",
                "sha256:a1b9443a286d31c697170c2b628da0a1c82514f6349c06f14daca81a073d6742",
                "sha256:a1f3922ce82edb75d84b534d11c4fc099f91d2099bb8f2050d0ab83273590bf6",
                "sha256:abdb9642f34d624616d3aa038eff8038a9122e4de7c7c43a46d2f6c4a1d8a323",
                "sha256:aff22487d2ac556cb1fa6801e3410d23caba8b91e0e5b705683c1039588e150c",
                "sha256:b25e28ca874db98f16bf8795771da966ba851e865773d82b8a7fd319bcb0dcd9",
                "sha256:b36aa1b8dad3f713ab7e03d5077d858960734066b374f971c70f4cc5b9ed9a48",
                "sha256:bf9bb0c55614e1f821c74856039b287eb2f1d3e831ef912a2375e4a72845b370",
                "sha256:ca9a936f2ed06b5258a010673c1dbac91e6ba8e0ddbb737091a572615f70f5a4",
                "sha256:cae2739684258384f9fe20eb38ccae53efdf80f02ee1acd1dfe1434cc7bcd397",
                "sha256:d092153123ced45189b6190599760da3964870686c2046342ebf1f6f5a881025",
                "sha256:d1740730d5f664a425ad4c79ffacbb614a67915f3a28fe461e656a6c7b4be551",
                "sha256:d57675cdbf89f20fd50cbcec76d0eb0ed9efac70d8a5b08dbd72d6724f81100b",
                "sha256:e22d0d2383ff5fcdc89816ff120ccfcc0b313711e509a96a74e6b16c20eb68cd",
                "sha256:f87dd325a61726070a447c5f73901c7c2208c77c5a8d92bf7738560196dc0d09"
            ],
            "index": "pypi",
            "version": "==2.1.0"
        },
        "dependency-injector": {
            "hashes": [
                "sha256:02620454ee8101f77a317f3229935ce687480883d72a40858ff4b0c87c935cce",
                "sha256:059fbb48333148143e8667a5323d162628dfe27c386bd0ed3deeecfc390338bf",
                "sha256:05e15ea0f2b14c1127e8b0d1597fef13f98845679f63bf670ba12dbfc12a16ef",
                "sha256:12e91ac0333e7e589421943ff6c6bf9cf0d9ac9703301cec37ccff3723406332",
                "sha256:1662e2ef60ac6e681b9e11b5d8b7c17a0f733688916cf695f9540f8f50a61b1e",
                "sha256:168334cba3f1cbf55299ef38f0f2e31879115cc767b780c859f7814a52d80abb",
                "sha256:16de2797dcfcc2263b8672bf0751166f7c7b369ca2ff9246ceb67b65f8e1d802",
                "sha256:1baee908f21190bdc46a65ce4c417a5175e9397ca62354928694fce218f84487",
                "sha256:22b11dbf696e184f0b3d5ac4e5418aeac3c379ba4ea758c04a83869b7e5d1cbf",
                "sha256:300838e9d4f3fbf539892a5a4072851728e23b37a1f467afcf393edd994d88f0",
                "sha256:3055b3fc47a0d6e5f27defb4166c0d37543a4967c279549b154afaf506ce6efc",
                "sha256:33a724e0a737baadb4378f5dc1b079867cc3a88552fcca719b3dba84716828b2",
                "sha256:3535d06416251715b45f8412482b58ec1c6196a4a3baa207f947f0b03a7c4b44",
                "sha256:3588bd887b051d16b8bcabaae1127eb14059a0719a8fe34c8a75ba59321b352c",
                "sha256:3744c327d18408e74781bd6d8b7738745ee80ef89f2c8daecf9ebd098cb84972",
                "sha256:37d5954026e3831663518d78bdf4be9c2dbfea691edcb73c813aa3093aa4363a",
                "sha256:40936d9384363331910abd59dd244158ec3572abf9d37322f15095315ac99893",
                "sha256:409441122f40e1b4b8582845fdd76deb9dc5c9d6eb74a057b85736ef9e9c671f",
                "sha256:48b6886a87b4ceb9b9f78550f77b2a5c7d2ce33bc83efd886556ad468cc9c85a",
                "sha256:4a31d9d60be4b585585081109480cfb2ef564d3b851cb32a139bf8408411a93a",
                "sha256:4a44ca3ce5867513a70b31855b218be3d251f5068ce1c480cc3a4ad24ffd3280",
                "sha256:51217cb384b468d7cc355544cec20774859f00812f9a1a71ed7fa701c957b2a7",
                "sha256:5168dc59808317dc4cdd235aa5d7d556d33e5600156acaf224cead236b48a3e8",
                "sha256:54032d62610cf2f4421c9d92cef52957215aaa0bca403cda580c58eb3f726eda",
                "sha256:56d37b9d2f50a18f059d9abdbea7669a7518bd42b81603c21a27910a2b3f1657",
                "sha256:586a0821720b15932addbefb00f7370fbcd5831d6ebbd6494d774b44ff96d23a",
                "sha256:5fa3ed8f0700e47a0e7363f949b4525ffa8277aa1c5b10ca5b41fce4dea61bb9",
                "sha256:63bfba21f8bff654a80e9b9d06dd6c43a442990b73bf89cd471314c11c541ec2",
                "sha256:67b369592c57549ccdcad0d5fef1ddb9d39af7fed8083d76e789ab0111fc6389",
                "sha256:6b29abac56ce347d2eb58a560723e1663ee2125cf5cc38866ed92b84319927ec",
                "sha256:6b98945edae88e777091bf0848f869fb94bd76dfa4066d7c870a5caa933391d0",
                "sha256:6ee9810841c6e0599356cb884d16453bfca6ab739d0e4f0248724ed8f9ee0d79",
                "sha256:740a8e8106a04d3f44b52b25b80570fdac96a8a3934423de7c9202c5623e7936",
                "sha256:75280dfa23f7c88e1bf56c3920d58a43516816de6f6ab2a6650bb8a0f27d5c2c",
                "sha256:75e7a733b372db3144a34020c4233f6b94db2c6342d6d16bc5245b1b941ee2bd",
                "sha256:76b94c8310929e54136f3cb3de3adc86d1a657b3984299f40bf1cd2ba0bae548",
                "sha256:786f7aac592e191c9caafc47732161d807bad65c62f260cd84cd73c7e2d67d6d",
                "sha256:7a92680bea1c260e5c0d2d6cd60b0c913cba76a456a147db5ac047ecfcfcc758",
                "sha256:7dcba8665cafec825b7095d5dd80afb5cf14404450eca3fe8b66e1edbf4dbc10",
                "sha256:7fa4970f12a3fc95d8796938b11c41276ad1ff4c447b0e589212eab3fc527a90",
                "sha256:87be84084a1b922c4ba15e2e5aa900ee24b78a5467997cb7aec0a1d6cdb4a00b",
                "sha256:89c67edffe7007cf33cee79ecbca38f48efcc2add5c280717af434db6c789377",
                "sha256:8b51efeaebacaf79ef68edfc65e9687699ccffb3538c4a3ab30d0d77e2db7189",
                "sha256:8b8cf1c6c56f5c18bdbd9f5e93b52ca29cb4d99606d4056e91f0c761eef496dc",
                "sha256:8d670a844268dcd758195e58e9a5b39fc74bb8648aba99a13135a4a10ec9cfac",
                "sha256:8f0090ff14038f17a026ca408a3a0b0e7affb6aa7498b2b59d670f40ac970fbe",
                "sha256:939dfc657104bc3e66b67afd3fb2ebb0850c9a1e73d0d26066f2bbdd8735ff9c",
                "sha256:953bfac819d32dc72b963767589e0ed372e5e9e78b03fb6b89419d0500d34bbe",
                "sha256:99ed73b1521bf249e2823a08a730c9f9413a58f4b4290da022e0ad4fb333ba3d",
                "sha256:9e3b9d41e0eff4c8e16fea1e33de66ff0030fe51137ca530f3c52ce110447914",
                "sha256:a2381a251b04244125148298212550750e6e1403e9b2850cc62e0e829d050ad3",
                "sha256:a2dee5d4abdd21f1a30a51d46645c095be9dcc404c7c6e9f81d0a01415a49e64",
                "sha256:a4f113e5d4c3070973ad76e5bda7317e500abae6083d78689f0b6e37cf403abf",
                "sha256:a8686fa330c83251c75c8238697686f7a0e0f6d40658538089165dc72df9bcff",
                "sha256:ac79f3c05747f9724bd56c06985e78331fc6c85eb50f3e3f1a35e0c60f9977e9",
                "sha256:b0c9c966ff66c77364a2d43d08de9968aff7e3903938fe912ba49796b2133344",
                "sha256:b2440b32474d4e747209528ca3ae48f42563b2fbe3d74dbfe949c11dfbfef7c4",
                "sha256:b365a8548e9a49049fa6acb24d3cd939f619eeb8e300ca3e156e44402dcc07ec",
                "sha256:b37f36ecb0c1227f697e1d4a029644e3eda8dd0f0716aa63ad04d96dbb15bbbb",
                "sha256:b3890a12423ae3a9eade035093beba487f8d092ee6c6cb8706f4e7080a56e819",
                "sha256:b8b61a15bc46a3aa7b29bd8a7384b650aa3a7ef943491e93c49a0540a0b3dda4",
                "sha256:bc852da612c7e347f2fcf921df2eca2718697a49f648a28a63db3ab504fd9510",
                "sha256:c71d30b6708438050675f338edb9a25bea6c258478dbe5ec8405286756a2d347",
                "sha256:d03f5fa0fa98a18bd0dfce846db80e2798607f0b861f1f99c97f441f7669d7a2",
                "sha256:d09c08c944a25dabfb454238c1a889acd85102b93ae497de523bf9ab7947b28a",
                "sha256:d283aee588a72072439e6721cb64aa6cba5bc18c576ef0ab28285a6ec7a9d655",
                "sha256:d557e40673de984f78dab13ebd68d27fbb2f16d7c4e3b663ea2fa2f9fae6765b",
                "sha256:e3229d83e99e255451605d5276604386e06ad948e3d60f31ddd796781c77f76f",
                "sha256:f2842e15bae664a9f69932e922b02afa055c91efec959cb1896f6c499bf68180",
                "sha256:f89a507e389b7e4d4892dd9a6f5f4da25849e24f73275478634ac594d621ab3f"
            ],
            "index": "pypi",
            "version": "==4.41.0"
        },
        "dnspython": {
            "hashes": [
                "sha256:224e32b03eb46be70e12ef6d64e0be123a64e621ab4c0822ff6d450d52a540b9",
                "sha256:89141536394f909066cabd112e3e1a37e4e654db00a25308b0f130bc3152eb46"
            ],
            "markers": "python_version >= '3.7' and python_version < '4.0'",
            "version": "==2.3.0"
        },
        "exceptiongroup": {
            "hashes": [
                "sha256:232c37c63e4f682982c8b6459f33a8981039e5fb8756b2074364e5055c498c9e",
                "sha256:d484c3090ba2889ae2928419117447a14daf3c1231d5e30d0aae34f354f01785"
            ],
            "markers": "python_version < '3.11'",
            "version": "==1.1.1"
        },
        "fastapi": {
            "hashes": [
                "sha256:99d4fdb10e9dd9a24027ac1d0bd4b56702652056ca17a6c8721eec4ad2f14e18",
                "sha256:daf73bbe844180200be7966f68e8ec9fd8be57079dff1bacb366db32729e6eb5"
            ],
            "index": "pypi",
            "version": "==0.95.0"
        },
        "h11": {
            "hashes": [
                "sha256:8f19fbbe99e72420ff35c00b27a34cb9937e902a8b810e2c88300c6f0a3b699d",
                "sha256:e3fe4ac4b851c468cc8363d500db52c2ead036020723024a109d37346efaa761"
            ],
            "markers": "python_version >= '3.7'",
            "version": "==0.14.0"
        },
        "idna": {
            "hashes": [
                "sha256:814f528e8dead7d329833b91c5faa87d60bf71824cd12a7530b5526063d02cb4",
                "sha256:90b77e79eaa3eba6de819a0c442c0b4ceefc341a7a2ab77d7562bf49f425c5c2"
            ],
            "markers": "python_version >= '3.5'",
            "version": "==3.4"
        },
        "iniconfig": {
            "hashes": [
                "sha256:2d91e135bf72d31a410b17c16da610a82cb55f6b0477d1a902134b24a455b8b3",
                "sha256:b6a85871a79d2e3b22d2d1b94ac2824226a63c6b741c88f7ae975f18b6778374"
            ],
            "markers": "python_version >= '3.7'",
            "version": "==2.0.0"
        },
        "packaging": {
            "hashes": [
                "sha256:714ac14496c3e68c99c29b00845f7a2b85f3bb6f1078fd9f72fd20f0570002b2",
                "sha256:b6ad297f8907de0fa2fe1ccbd26fdaf387f5f47c7275fedf8cce89f99446cf97"
            ],
            "markers": "python_version >= '3.7'",
            "version": "==23.0"
        },
        "pluggy": {
            "hashes": [
                "sha256:4224373bacce55f955a878bf9cfa763c1e360858e330072059e10bad68531159",
                "sha256:74134bbf457f031a36d68416e1509f34bd5ccc019f0bcc952c7b909d06b37bd3"
            ],
            "markers": "python_version >= '3.6'",
            "version": "==1.0.0"
        },
        "pydantic": {
            "hashes": [
                "sha256:01aea3a42c13f2602b7ecbbea484a98169fb568ebd9e247593ea05f01b884b2e",
                "sha256:0cd181f1d0b1d00e2b705f1bf1ac7799a2d938cce3376b8007df62b29be3c2c6",
                "sha256:10a86d8c8db68086f1e30a530f7d5f83eb0685e632e411dbbcf2d5c0150e8dcd",
                "sha256:193924c563fae6ddcb71d3f06fa153866423ac1b793a47936656e806b64e24ca",
                "sha256:464855a7ff7f2cc2cf537ecc421291b9132aa9c79aef44e917ad711b4a93163b",
                "sha256:516f1ed9bc2406a0467dd777afc636c7091d71f214d5e413d64fef45174cfc7a",
                "sha256:6434b49c0b03a51021ade5c4daa7d70c98f7a79e95b551201fff682fc1661245",
                "sha256:64d34ab766fa056df49013bb6e79921a0265204c071984e75a09cbceacbbdd5d",
                "sha256:670bb4683ad1e48b0ecb06f0cfe2178dcf74ff27921cdf1606e527d2617a81ee",
                "sha256:68792151e174a4aa9e9fc1b4e653e65a354a2fa0fed169f7b3d09902ad2cb6f1",
                "sha256:701daea9ffe9d26f97b52f1d157e0d4121644f0fcf80b443248434958fd03dc3",
                "sha256:7d45fc99d64af9aaf7e308054a0067fdcd87ffe974f2442312372dfa66e1001d",
                "sha256:80b1fab4deb08a8292d15e43a6edccdffa5377a36a4597bb545b93e79c5ff0a5",
                "sha256:82dffb306dd20bd5268fd6379bc4bfe75242a9c2b79fec58e1041fbbdb1f7914",
                "sha256:8c7f51861d73e8b9ddcb9916ae7ac39fb52761d9ea0df41128e81e2ba42886cd",
                "sha256:950ce33857841f9a337ce07ddf46bc84e1c4946d2a3bba18f8280297157a3fd1",
                "sha256:976cae77ba6a49d80f461fd8bba183ff7ba79f44aa5cfa82f1346b5626542f8e",
                "sha256:9f6f0fd68d73257ad6685419478c5aece46432f4bdd8d32c7345f1986496171e",
                "sha256:a7cd2251439988b413cb0a985c4ed82b6c6aac382dbaff53ae03c4b23a70e80a",
                "sha256:abfb7d4a7cd5cc4e1d1887c43503a7c5dd608eadf8bc615413fc498d3e4645cd",
                "sha256:ae150a63564929c675d7f2303008d88426a0add46efd76c3fc797cd71cb1b46f",
                "sha256:b0f85904f73161817b80781cc150f8b906d521fa11e3cdabae19a581c3606209",
                "sha256:b4a849d10f211389502059c33332e91327bc154acc1845f375a99eca3afa802d",
                "sha256:c15582f9055fbc1bfe50266a19771bbbef33dd28c45e78afbe1996fd70966c2a",
                "sha256:c230c0d8a322276d6e7b88c3f7ce885f9ed16e0910354510e0bae84d54991143",
                "sha256:cc1dde4e50a5fc1336ee0581c1612215bc64ed6d28d2c7c6f25d2fe3e7c3e918",
                "sha256:cf135c46099ff3f919d2150a948ce94b9ce545598ef2c6c7bf55dca98a304b52",
                "sha256:cfc83c0678b6ba51b0532bea66860617c4cd4251ecf76e9846fa5a9f3454e97e",
                "sha256:d2a5ebb48958754d386195fe9e9c5106f11275867051bf017a8059410e9abf1f",
                "sha256:d71e69699498b020ea198468e2480a2f1e7433e32a3a99760058c6520e2bea7e",
                "sha256:d75ae19d2a3dbb146b6f324031c24f8a3f52ff5d6a9f22f0683694b3afcb16fb",
                "sha256:dfe2507b8ef209da71b6fb5f4e597b50c5a34b78d7e857c4f8f3115effaef5fe",
                "sha256:e0cfe895a504c060e5d36b287ee696e2fdad02d89e0d895f83037245218a87fe",
                "sha256:e79e999e539872e903767c417c897e729e015872040e56b96e67968c3b918b2d",
                "sha256:ecbbc51391248116c0a055899e6c3e7ffbb11fb5e2a4cd6f2d0b93272118a209",
                "sha256:f4a2b50e2b03d5776e7f21af73e2070e1b5c0d0df255a827e7c632962f8315af"
            ],
            "markers": "python_version >= '3.7'",
            "version": "==1.10.7"
        },
        "pymongo": {
            "hashes": [
                "sha256:016c412118e1c23fef3a1eada4f83ae6e8844fd91986b2e066fc1b0013cdd9ae",
                "sha256:01f7cbe88d22440b6594c955e37312d932fd632ffed1a86d0c361503ca82cc9d",
                "sha256:08fc250b5552ee97ceeae0f52d8b04f360291285fc7437f13daa516ce38fdbc6",
                "sha256:0c466710871d0026c190fc4141e810cf9d9affbf4935e1d273fbdc7d7cda6143",
                "sha256:1074f1a6f23e28b983c96142f2d45be03ec55d93035b471c26889a7ad2365db3",
                "sha256:12f3621a46cdc7a9ba8080422262398a91762a581d27e0647746588d3f995c88",
                "sha256:2c2fdc855149efe7cdcc2a01ca02bfa24761c640203ea94df467f3baf19078be",
                "sha256:316498b642c00401370b2156b5233b256f9b33799e0a8d9d0b8a7da217a20fca",
                "sha256:341221e2f2866a5960e6f8610f4cbac0bb13097f3b1a289aa55aba984fc0d969",
                "sha256:34b040e095e1671df0c095ec0b04fc4ebb19c4c160f87c2b55c079b16b1a6b00",
                "sha256:34e95ffb0a68bffbc3b437f2d1f25fc916fef3df5cdeed0992da5f42fae9b807",
                "sha256:39b03045c71f761aee96a12ebfbc2f4be89e724ff6f5e31c2574c1a0e2add8bd",
                "sha256:3b93043b14ba7eb08c57afca19751658ece1cfa2f0b7b1fb5c7a41452fbb8482",
                "sha256:47f7aa217b25833cd6f0e72b0d224be55393c2692b4f5e0561cb3beeb10296e9",
                "sha256:49210feb0be8051a64d71691f0acbfbedc33e149f0a5d6e271fddf6a12493fed",
                "sha256:4d00b91c77ceb064c9b0459f0d6ea5bfdbc53ea9e17cf75731e151ef25a830c7",
                "sha256:4ed00f96e147f40b565fe7530d1da0b0f3ab803d5dd5b683834500fa5d195ec4",
                "sha256:5134d33286c045393c7beb51be29754647cec5ebc051cf82799c5ce9820a2ca2",
                "sha256:524d78673518dcd352a91541ecd2839c65af92dc883321c2109ef6e5cd22ef23",
                "sha256:52896e22115c97f1c829db32aa2760b0d61839cfe08b168c2b1d82f31dbc5f55",
                "sha256:54c377893f2cbbffe39abcff5ff2e917b082c364521fa079305f6f064e1a24a9",
                "sha256:55b6163dac53ef1e5d834297810c178050bd0548a4136cd4e0f56402185916ca",
                "sha256:599d3f6fbef31933b96e2d906b0f169b3371ff79ea6aaf6ecd76c947a3508a3d",
                "sha256:5effd87c7d363890259eac16c56a4e8da307286012c076223997f8cc4a8c435b",
                "sha256:66413c50d510e5bcb0afc79880d1693a2185bcea003600ed898ada31338c004e",
                "sha256:695939036a320f4329ccf1627edefbbb67cc7892b8222d297b0dd2313742bfee",
                "sha256:6c2216d8b6a6d019c6f4b1ad55f890e5e77eb089309ffc05b6911c09349e7474",
                "sha256:6dd1cf2995fdbd64fc0802313e8323f5fa18994d51af059b5b8862b73b5e53f0",
                "sha256:6fcfbf435eebf8a1765c6d1f46821740ebe9f54f815a05c8fc30d789ef43cb12",
                "sha256:704d939656e21b073bfcddd7228b29e0e8a93dd27b54240eaafc0b9a631629a6",
                "sha256:711bc52cb98e7892c03e9b669bebd89c0a890a90dbc6d5bb2c47f30239bac6e9",
                "sha256:74731c9e423c93cbe791f60c27030b6af6a948cef67deca079da6cd1bb583a8e",
                "sha256:7761cacb8745093062695b11574effea69db636c2fd0a9269a1f0183712927b4",
                "sha256:7b16250238de8dafca225647608dddc7bbb5dce3dd53b4d8e63c1cc287394c2f",
                "sha256:7c051fe37c96b9878f37fa58906cb53ecd13dcb7341d3a85f1e2e2f6b10782d9",
                "sha256:7d43ac9c7eeda5100fb0a7152fab7099c9cf9e5abd3bb36928eb98c7d7a339c6",
                "sha256:81d1a7303bd02ca1c5be4aacd4db73593f573ba8e0c543c04c6da6275fd7a47e",
                "sha256:8a06a0c02f5606330e8f2e2f3b7949877ca7e4024fa2bff5a4506bec66c49ec7",
                "sha256:8fd6e191b92a10310f5a6cfe10d6f839d79d192fb02480bda325286bd1c7b385",
                "sha256:943f208840777f34312c103a2d1caab02d780c4e9be26b3714acf6c4715ba7e1",
                "sha256:9b87b23570565a6ddaa9244d87811c2ee9cffb02a753c8a2da9c077283d85845",
                "sha256:a6cd6f1db75eb07332bd3710f58f5fce4967eadbf751bad653842750a61bda62",
                "sha256:a966d5304b7d90c45c404914e06bbf02c5bf7e99685c6c12f0047ef2aa837142",
                "sha256:a9c2885b4a8e6e39db5662d8b02ca6dcec796a45e48c2de12552841f061692ba",
                "sha256:b0cfe925610f2fd59555bb7fc37bd739e4b197d33f2a8b2fae7b9c0c6640318c",
                "sha256:b38a96b3eed8edc515b38257f03216f382c4389d022a8834667e2bc63c0c0c31",
                "sha256:b8a03af1ce79b902a43f5f694c4ca8d92c2a4195db0966f08f266549e2fc49bc",
                "sha256:bb869707d8e30645ed6766e44098600ca6cdf7989c22a3ea2b7966bb1d98d4b2",
                "sha256:be1d2ce7e269215c3ee9a215e296b7a744aff4f39233486d2c4d77f5f0c561a6",
                "sha256:c0640b4e9d008e13956b004d1971a23377b3d45491f87082161c92efb1e6c0d6",
                "sha256:c09956606c08c4a7c6178a04ba2dd9388fcc5db32002ade9c9bc865ab156ab6d",
                "sha256:c184ec5be465c0319440734491e1aa4709b5f3ba75fdfc9dbbc2ae715a7f6829",
                "sha256:c1a70c51da9fa95bd75c167edb2eb3f3c4d27bc4ddd29e588f21649d014ec0b7",
                "sha256:c29e758f0e734e1e90357ae01ec9c6daf19ff60a051192fe110d8fb25c62600e",
                "sha256:c6258a3663780ae47ba73d43eb63c79c40ffddfb764e09b56df33be2f9479837",
                "sha256:cafa52873ae12baa512a8721afc20de67a36886baae6a5f394ddef0ce9391f91",
                "sha256:cd6a4afb20fb3c26a7bfd4611a0bbb24d93cbd746f5eb881f114b5e38fd55501",
                "sha256:cdb87309de97c63cb9a69132e1cb16be470e58cffdfbad68fdd1dc292b22a840",
                "sha256:d07d06dba5b5f7d80f9cc45501456e440f759fe79f9895922ed486237ac378a8",
                "sha256:d3a51901066696c4af38c6c63a1f0aeffd5e282367ff475de8c191ec9609b56d",
                "sha256:d5571b6978750601f783cea07fb6b666837010ca57e5cefa389c1d456f6222e2",
                "sha256:d86c35d94b5499689354ccbc48438a79f449481ee6300f3e905748edceed78e7",
                "sha256:dc0cff74cd36d7e1edba91baa09622c35a8a57025f2f2b7a41e3f83b1db73186",
                "sha256:dc24d245026a72d9b4953729d31813edd4bd4e5c13622d96e27c284942d33f24",
                "sha256:dca34367a4e77fcab0693e603a959878eaf2351585e7d752cac544bc6b2dee46",
                "sha256:e2961b05f9c04a53da8bfc72f1910b6aec7205fcf3ac9c036d24619979bbee4b",
                "sha256:e7fac06a539daef4fcf5d8288d0d21b412f9b750454cd5a3cf90484665db442a",
                "sha256:eac0a143ef4f28f49670bf89cb15847eb80b375d55eba401ca2f777cd425f338",
                "sha256:ef888f48eb9203ee1e04b9fb27429017b290fb916f1e7826c2f7808c88798394",
                "sha256:f3055510fdfdb1775bc8baa359783022f70bb553f2d46e153c094dfcb08578ff",
                "sha256:fa7e202feb683dad74f00dea066690448d0cfa310f8a277db06ec8eb466601b5",
                "sha256:fc28e8d85d392a06434e9a934908d97e2cf453d69488d2bcd0bfb881497fd975",
                "sha256:fd7bb378d82b88387dc10227cfd964f6273eb083e05299e9b97cbe075da12d11",
                "sha256:ffcc8394123ea8d43fff8e5d000095fe7741ce3f8988366c5c919c4f5eb179d3"
            ],
            "index": "pypi",
            "version": "==4.3.3"
        },
        "pytest": {
            "hashes": [
                "sha256:58ecc27ebf0ea643ebfdf7fb1249335da761a00c9f955bcd922349bcb68ee57d",
                "sha256:933051fa1bfbd38a21e73c3960cebdad4cf59483ddba7696c48509727e17f201"
            ],
            "index": "pypi",
            "version": "==7.3.0"
        },
        "python-dotenv": {
            "hashes": [
                "sha256:a8df96034aae6d2d50a4ebe8216326c61c3eb64836776504fcca410e5937a3ba",
                "sha256:f5971a9226b701070a4bf2c38c89e5a3f0d64de8debda981d1db98583009122a"
            ],
            "index": "pypi",
            "version": "==1.0.0"
        },
        "six": {
            "hashes": [
                "sha256:1e61c37477a1626458e36f7b1d82aa5c9b094fa4802892072e49de9c60c4c926",
                "sha256:8abb2f1d86890a2dfb989f9a77cfcfd3e47c2a354b01111771326f8aa26e0254"
            ],
            "markers": "python_version >= '2.7' and python_version not in '3.0, 3.1, 3.2, 3.3'",
            "version": "==1.16.0"
        },
        "sniffio": {
            "hashes": [
                "sha256:e60305c5e5d314f5389259b7f22aaa33d8f7dee49763119234af3755c55b9101",
                "sha256:eecefdce1e5bbfb7ad2eeaabf7c1eeb404d7757c379bd1f7e5cce9d8bf425384"
            ],
            "markers": "python_version >= '3.7'",
            "version": "==1.3.0"
        },
        "starlette": {
            "hashes": [
                "sha256:41da799057ea8620e4667a3e69a5b1923ebd32b1819c8fa75634bbe8d8bea9bd",
                "sha256:e87fce5d7cbdde34b76f0ac69013fd9d190d581d80681493016666e6f96c6d5e"
            ],
            "markers": "python_version >= '3.7'",
            "version": "==0.26.1"
        },
        "tomli": {
            "hashes": [
                "sha256:939de3e7a6161af0c887ef91b7d41a53e7c5a1ca976325f429cb46ea9bc30ecc",
                "sha256:de526c12914f0c550d15924c62d72abc48d6fe7364aa87328337a31007fe8a4f"
            ],
            "markers": "python_version < '3.11'",
            "version": "==2.0.1"
        },
        "typing-extensions": {
            "hashes": [
                "sha256:5cb5f4a79139d699607b3ef622a1dedafa84e115ab0024e0d9c044a9479ca7cb",
                "sha256:fb33085c39dd998ac16d1431ebc293a8b3eedd00fd4a32de0ff79002c19511b4"
            ],
            "markers": "python_version >= '3.7'",
            "version": "==4.5.0"
        },
        "uvicorn": {
            "hashes": [
                "sha256:0fac9cb342ba099e0d582966005f3fdba5b0290579fed4a6266dc702ca7bb032",
                "sha256:e47cac98a6da10cd41e6fd036d472c6f58ede6c5dbee3dbee3ef7a100ed97742"
            ],
            "index": "pypi",
            "version": "==0.21.1"
        }
    },
    "develop": {
        "astroid": {
            "hashes": [
                "sha256:6e61b85c891ec53b07471aec5878f4ac6446a41e590ede0f2ce095f39f7d49dd",
                "sha256:dea89d9f99f491c66ac9c04ebddf91e4acf8bd711722175fe6245c0725cc19bb"
            ],
            "markers": "python_full_version >= '3.7.2'",
            "version": "==2.15.2"
        },
        "black": {
            "hashes": [
                "sha256:064101748afa12ad2291c2b91c960be28b817c0c7eaa35bec09cc63aa56493c5",
                "sha256:0945e13506be58bf7db93ee5853243eb368ace1c08a24c65ce108986eac65915",
                "sha256:11c410f71b876f961d1de77b9699ad19f939094c3a677323f43d7a29855fe326",
                "sha256:1c7b8d606e728a41ea1ccbd7264677e494e87cf630e399262ced92d4a8dac940",
                "sha256:1d06691f1eb8de91cd1b322f21e3bfc9efe0c7ca1f0e1eb1db44ea367dff656b",
                "sha256:3238f2aacf827d18d26db07524e44741233ae09a584273aa059066d644ca7b30",
                "sha256:32daa9783106c28815d05b724238e30718f34155653d4d6e125dc7daec8e260c",
                "sha256:35d1381d7a22cc5b2be2f72c7dfdae4072a3336060635718cc7e1ede24221d6c",
                "sha256:3a150542a204124ed00683f0db1f5cf1c2aaaa9cc3495b7a3b5976fb136090ab",
                "sha256:48f9d345675bb7fbc3dd85821b12487e1b9a75242028adad0333ce36ed2a6d27",
                "sha256:50cb33cac881766a5cd9913e10ff75b1e8eb71babf4c7104f2e9c52da1fb7de2",
                "sha256:562bd3a70495facf56814293149e51aa1be9931567474993c7942ff7d3533961",
                "sha256:67de8d0c209eb5b330cce2469503de11bca4085880d62f1628bd9972cc3366b9",
                "sha256:6b39abdfb402002b8a7d030ccc85cf5afff64ee90fa4c5aebc531e3ad0175ddb",
                "sha256:6f3c333ea1dd6771b2d3777482429864f8e258899f6ff05826c3a4fcc5ce3f70",
                "sha256:714290490c18fb0126baa0fca0a54ee795f7502b44177e1ce7624ba1c00f2331",
                "sha256:7c3eb7cea23904399866c55826b31c1f55bbcd3890ce22ff70466b907b6775c2",
                "sha256:92c543f6854c28a3c7f39f4d9b7694f9a6eb9d3c5e2ece488c327b6e7ea9b266",
                "sha256:a6f6886c9869d4daae2d1715ce34a19bbc4b95006d20ed785ca00fa03cba312d",
                "sha256:a8a968125d0a6a404842fa1bf0b349a568634f856aa08ffaff40ae0dfa52e7c6",
                "sha256:c7ab5790333c448903c4b721b59c0d80b11fe5e9803d8703e84dcb8da56fec1b",
                "sha256:e114420bf26b90d4b9daa597351337762b63039752bdf72bf361364c1aa05925",
                "sha256:e198cf27888ad6f4ff331ca1c48ffc038848ea9f031a3b40ba36aced7e22f2c8",
                "sha256:ec751418022185b0c1bb7d7736e6933d40bbb14c14a0abcf9123d1b159f98dd4",
                "sha256:f0bd2f4a58d6666500542b26354978218a9babcdc972722f4bf90779524515f3"
            ],
            "index": "pypi",
            "version": "==23.3.0"
        },
        "click": {
            "hashes": [
                "sha256:7682dc8afb30297001674575ea00d1814d808d6a36af415a82bd481d37ba7b8e",
                "sha256:bb4d8133cb15a609f44e8213d9b391b0809795062913b383c62be0ee95b1db48"
            ],
            "markers": "python_version >= '3.7'",
            "version": "==8.1.3"
        },
        "dill": {
            "hashes": [
                "sha256:a07ffd2351b8c678dfc4a856a3005f8067aea51d6ba6c700796a4d9e280f39f0",
                "sha256:e5db55f3687856d8fbdab002ed78544e1c4559a130302693d839dfe8f93f2373"
            ],
            "markers": "python_version < '3.11'",
            "version": "==0.3.6"
        },
        "isort": {
            "hashes": [
                "sha256:8bef7dde241278824a6d83f44a544709b065191b95b6e50894bdc722fcba0504",
                "sha256:f84c2818376e66cf843d497486ea8fed8700b340f308f076c6fb1229dff318b6"
            ],
            "markers": "python_full_version >= '3.8.0'",
            "version": "==5.12.0"
        },
        "lazy-object-proxy": {
            "hashes": [
                "sha256:09763491ce220c0299688940f8dc2c5d05fd1f45af1e42e636b2e8b2303e4382",
                "sha256:0a891e4e41b54fd5b8313b96399f8b0e173bbbfc03c7631f01efbe29bb0bcf82",
                "sha256:189bbd5d41ae7a498397287c408617fe5c48633e7755287b21d741f7db2706a9",
                "sha256:18b78ec83edbbeb69efdc0e9c1cb41a3b1b1ed11ddd8ded602464c3fc6020494",
                "sha256:1aa3de4088c89a1b69f8ec0dcc169aa725b0ff017899ac568fe44ddc1396df46",
                "sha256:212774e4dfa851e74d393a2370871e174d7ff0ebc980907723bb67d25c8a7c30",
                "sha256:2d0daa332786cf3bb49e10dc6a17a52f6a8f9601b4cf5c295a4f85854d61de63",
                "sha256:5f83ac4d83ef0ab017683d715ed356e30dd48a93746309c8f3517e1287523ef4",
                "sha256:659fb5809fa4629b8a1ac5106f669cfc7bef26fbb389dda53b3e010d1ac4ebae",
                "sha256:660c94ea760b3ce47d1855a30984c78327500493d396eac4dfd8bd82041b22be",
                "sha256:66a3de4a3ec06cd8af3f61b8e1ec67614fbb7c995d02fa224813cb7afefee701",
                "sha256:721532711daa7db0d8b779b0bb0318fa87af1c10d7fe5e52ef30f8eff254d0cd",
                "sha256:7322c3d6f1766d4ef1e51a465f47955f1e8123caee67dd641e67d539a534d006",
                "sha256:79a31b086e7e68b24b99b23d57723ef7e2c6d81ed21007b6281ebcd1688acb0a",
                "sha256:81fc4d08b062b535d95c9ea70dbe8a335c45c04029878e62d744bdced5141586",
                "sha256:8fa02eaab317b1e9e03f69aab1f91e120e7899b392c4fc19807a8278a07a97e8",
                "sha256:9090d8e53235aa280fc9239a86ae3ea8ac58eff66a705fa6aa2ec4968b95c821",
                "sha256:946d27deaff6cf8452ed0dba83ba38839a87f4f7a9732e8f9fd4107b21e6ff07",
                "sha256:9990d8e71b9f6488e91ad25f322898c136b008d87bf852ff65391b004da5e17b",
                "sha256:9cd077f3d04a58e83d04b20e334f678c2b0ff9879b9375ed107d5d07ff160171",
                "sha256:9e7551208b2aded9c1447453ee366f1c4070602b3d932ace044715d89666899b",
                "sha256:9f5fa4a61ce2438267163891961cfd5e32ec97a2c444e5b842d574251ade27d2",
                "sha256:b40387277b0ed2d0602b8293b94d7257e17d1479e257b4de114ea11a8cb7f2d7",
                "sha256:bfb38f9ffb53b942f2b5954e0f610f1e721ccebe9cce9025a38c8ccf4a5183a4",
                "sha256:cbf9b082426036e19c6924a9ce90c740a9861e2bdc27a4834fd0a910742ac1e8",
                "sha256:d9e25ef10a39e8afe59a5c348a4dbf29b4868ab76269f81ce1674494e2565a6e",
                "sha256:db1c1722726f47e10e0b5fdbf15ac3b8adb58c091d12b3ab713965795036985f",
                "sha256:e7c21c95cae3c05c14aafffe2865bbd5e377cfc1348c4f7751d9dc9a48ca4bda",
                "sha256:e8c6cfb338b133fbdbc5cfaa10fe3c6aeea827db80c978dbd13bc9dd8526b7d4",
                "sha256:ea806fd4c37bf7e7ad82537b0757999264d5f70c45468447bb2b91afdbe73a6e",
                "sha256:edd20c5a55acb67c7ed471fa2b5fb66cb17f61430b7a6b9c3b4a1e40293b1671",
                "sha256:f0117049dd1d5635bbff65444496c90e0baa48ea405125c088e93d9cf4525b11",
                "sha256:f0705c376533ed2a9e5e97aacdbfe04cecd71e0aa84c7c0595d02ef93b6e4455",
                "sha256:f12ad7126ae0c98d601a7ee504c1122bcef553d1d5e0c3bfa77b16b3968d2734",
                "sha256:f2457189d8257dd41ae9b434ba33298aec198e30adf2dcdaaa3a28b9994f6adb",
                "sha256:f699ac1c768270c9e384e4cbd268d6e67aebcfae6cd623b4d7c3bfde5a35db59"
            ],
            "markers": "python_version >= '3.7'",
            "version": "==1.9.0"
        },
        "mccabe": {
            "hashes": [
                "sha256:348e0240c33b60bbdf4e523192ef919f28cb2c3d7d5c7794f74009290f236325",
                "sha256:6c2d30ab6be0e4a46919781807b4f0d834ebdd6c6e3dca0bda5a15f863427b6e"
            ],
            "markers": "python_version >= '3.6'",
            "version": "==0.7.0"
        },
        "mypy-extensions": {
            "hashes": [
                "sha256:4392f6c0eb8a5668a69e23d168ffa70f0be9ccfd32b5cc2d26a34ae5b844552d",
                "sha256:75dbf8955dc00442a438fc4d0666508a9a97b6bd41aa2f0ffe9d2f2725af0782"
            ],
            "markers": "python_version >= '3.5'",
            "version": "==1.0.0"
        },
        "packaging": {
            "hashes": [
                "sha256:714ac14496c3e68c99c29b00845f7a2b85f3bb6f1078fd9f72fd20f0570002b2",
                "sha256:b6ad297f8907de0fa2fe1ccbd26fdaf387f5f47c7275fedf8cce89f99446cf97"
            ],
            "markers": "python_version >= '3.7'",
            "version": "==23.0"
        },
        "pathspec": {
            "hashes": [
                "sha256:2798de800fa92780e33acca925945e9a19a133b715067cf165b8866c15a31687",
                "sha256:d8af70af76652554bd134c22b3e8a1cc46ed7d91edcdd721ef1a0c51a84a5293"
            ],
            "markers": "python_version >= '3.7'",
            "version": "==0.11.1"
        },
        "platformdirs": {
            "hashes": [
                "sha256:d5b638ca397f25f979350ff789db335903d7ea010ab28903f57b27e1b16c2b08",
                "sha256:ebe11c0d7a805086e99506aa331612429a72ca7cd52a1f0d277dc4adc20cb10e"
            ],
            "markers": "python_version >= '3.7'",
            "version": "==3.2.0"
        },
        "pylint": {
            "hashes": [
                "sha256:001cc91366a7df2970941d7e6bbefcbf98694e00102c1f121c531a814ddc2ea8",
                "sha256:1b647da5249e7c279118f657ca28b6aaebb299f86bf92affc632acf199f7adbb"
            ],
            "index": "pypi",
            "version": "==2.17.2"
        },
        "tomli": {
            "hashes": [
                "sha256:939de3e7a6161af0c887ef91b7d41a53e7c5a1ca976325f429cb46ea9bc30ecc",
                "sha256:de526c12914f0c550d15924c62d72abc48d6fe7364aa87328337a31007fe8a4f"
            ],
            "markers": "python_version < '3.11'",
            "version": "==2.0.1"
        },
        "tomlkit": {
            "hashes": [
                "sha256:5325463a7da2ef0c6bbfefb62a3dc883aebe679984709aee32a317907d0a8d3c",
                "sha256:f392ef70ad87a672f02519f99967d28a4d3047133e2d1df936511465fbb3791d"
            ],
            "markers": "python_version >= '3.7'",
            "version": "==0.11.7"
        },
        "typing-extensions": {
            "hashes": [
                "sha256:5cb5f4a79139d699607b3ef622a1dedafa84e115ab0024e0d9c044a9479ca7cb",
                "sha256:fb33085c39dd998ac16d1431ebc293a8b3eedd00fd4a32de0ff79002c19511b4"
            ],
            "markers": "python_version >= '3.7'",
            "version": "==4.5.0"
        },
        "wrapt": {
            "hashes": [
                "sha256:02fce1852f755f44f95af51f69d22e45080102e9d00258053b79367d07af39c0",
                "sha256:077ff0d1f9d9e4ce6476c1a924a3332452c1406e59d90a2cf24aeb29eeac9420",
                "sha256:078e2a1a86544e644a68422f881c48b84fef6d18f8c7a957ffd3f2e0a74a0d4a",
                "sha256:0970ddb69bba00670e58955f8019bec4a42d1785db3faa043c33d81de2bf843c",
                "sha256:1286eb30261894e4c70d124d44b7fd07825340869945c79d05bda53a40caa079",
                "sha256:21f6d9a0d5b3a207cdf7acf8e58d7d13d463e639f0c7e01d82cdb671e6cb7923",
                "sha256:230ae493696a371f1dbffaad3dafbb742a4d27a0afd2b1aecebe52b740167e7f",
                "sha256:26458da5653aa5b3d8dc8b24192f574a58984c749401f98fff994d41d3f08da1",
                "sha256:2cf56d0e237280baed46f0b5316661da892565ff58309d4d2ed7dba763d984b8",
                "sha256:2e51de54d4fb8fb50d6ee8327f9828306a959ae394d3e01a1ba8b2f937747d86",
                "sha256:2fbfbca668dd15b744418265a9607baa970c347eefd0db6a518aaf0cfbd153c0",
                "sha256:38adf7198f8f154502883242f9fe7333ab05a5b02de7d83aa2d88ea621f13364",
                "sha256:3a8564f283394634a7a7054b7983e47dbf39c07712d7b177b37e03f2467a024e",
                "sha256:3abbe948c3cbde2689370a262a8d04e32ec2dd4f27103669a45c6929bcdbfe7c",
                "sha256:3bbe623731d03b186b3d6b0d6f51865bf598587c38d6f7b0be2e27414f7f214e",
                "sha256:40737a081d7497efea35ab9304b829b857f21558acfc7b3272f908d33b0d9d4c",
                "sha256:41d07d029dd4157ae27beab04d22b8e261eddfc6ecd64ff7000b10dc8b3a5727",
                "sha256:46ed616d5fb42f98630ed70c3529541408166c22cdfd4540b88d5f21006b0eff",
                "sha256:493d389a2b63c88ad56cdc35d0fa5752daac56ca755805b1b0c530f785767d5e",
                "sha256:4ff0d20f2e670800d3ed2b220d40984162089a6e2c9646fdb09b85e6f9a8fc29",
                "sha256:54accd4b8bc202966bafafd16e69da9d5640ff92389d33d28555c5fd4f25ccb7",
                "sha256:56374914b132c702aa9aa9959c550004b8847148f95e1b824772d453ac204a72",
                "sha256:578383d740457fa790fdf85e6d346fda1416a40549fe8db08e5e9bd281c6a475",
                "sha256:58d7a75d731e8c63614222bcb21dd992b4ab01a399f1f09dd82af17bbfc2368a",
                "sha256:5c5aa28df055697d7c37d2099a7bc09f559d5053c3349b1ad0c39000e611d317",
                "sha256:5fc8e02f5984a55d2c653f5fea93531e9836abbd84342c1d1e17abc4a15084c2",
                "sha256:63424c681923b9f3bfbc5e3205aafe790904053d42ddcc08542181a30a7a51bd",
                "sha256:64b1df0f83706b4ef4cfb4fb0e4c2669100fd7ecacfb59e091fad300d4e04640",
                "sha256:74934ebd71950e3db69960a7da29204f89624dde411afbfb3b4858c1409b1e98",
                "sha256:75669d77bb2c071333417617a235324a1618dba66f82a750362eccbe5b61d248",
                "sha256:75760a47c06b5974aa5e01949bf7e66d2af4d08cb8c1d6516af5e39595397f5e",
                "sha256:76407ab327158c510f44ded207e2f76b657303e17cb7a572ffe2f5a8a48aa04d",
                "sha256:76e9c727a874b4856d11a32fb0b389afc61ce8aaf281ada613713ddeadd1cfec",
                "sha256:77d4c1b881076c3ba173484dfa53d3582c1c8ff1f914c6461ab70c8428b796c1",
                "sha256:780c82a41dc493b62fc5884fb1d3a3b81106642c5c5c78d6a0d4cbe96d62ba7e",
                "sha256:7dc0713bf81287a00516ef43137273b23ee414fe41a3c14be10dd95ed98a2df9",
                "sha256:7eebcdbe3677e58dd4c0e03b4f2cfa346ed4049687d839adad68cc38bb559c92",
                "sha256:896689fddba4f23ef7c718279e42f8834041a21342d95e56922e1c10c0cc7afb",
                "sha256:96177eb5645b1c6985f5c11d03fc2dbda9ad24ec0f3a46dcce91445747e15094",
                "sha256:96e25c8603a155559231c19c0349245eeb4ac0096fe3c1d0be5c47e075bd4f46",
                "sha256:9d37ac69edc5614b90516807de32d08cb8e7b12260a285ee330955604ed9dd29",
                "sha256:9ed6aa0726b9b60911f4aed8ec5b8dd7bf3491476015819f56473ffaef8959bd",
                "sha256:a487f72a25904e2b4bbc0817ce7a8de94363bd7e79890510174da9d901c38705",
                "sha256:a4cbb9ff5795cd66f0066bdf5947f170f5d63a9274f99bdbca02fd973adcf2a8",
                "sha256:a74d56552ddbde46c246b5b89199cb3fd182f9c346c784e1a93e4dc3f5ec9975",
                "sha256:a89ce3fd220ff144bd9d54da333ec0de0399b52c9ac3d2ce34b569cf1a5748fb",
                "sha256:abd52a09d03adf9c763d706df707c343293d5d106aea53483e0ec8d9e310ad5e",
                "sha256:abd8f36c99512755b8456047b7be10372fca271bf1467a1caa88db991e7c421b",
                "sha256:af5bd9ccb188f6a5fdda9f1f09d9f4c86cc8a539bd48a0bfdc97723970348418",
                "sha256:b02f21c1e2074943312d03d243ac4388319f2456576b2c6023041c4d57cd7019",
                "sha256:b06fa97478a5f478fb05e1980980a7cdf2712015493b44d0c87606c1513ed5b1",
                "sha256:b0724f05c396b0a4c36a3226c31648385deb6a65d8992644c12a4963c70326ba",
                "sha256:b130fe77361d6771ecf5a219d8e0817d61b236b7d8b37cc045172e574ed219e6",
                "sha256:b56d5519e470d3f2fe4aa7585f0632b060d532d0696c5bdfb5e8319e1d0f69a2",
                "sha256:b67b819628e3b748fd3c2192c15fb951f549d0f47c0449af0764d7647302fda3",
                "sha256:ba1711cda2d30634a7e452fc79eabcadaffedf241ff206db2ee93dd2c89a60e7",
                "sha256:bbeccb1aa40ab88cd29e6c7d8585582c99548f55f9b2581dfc5ba68c59a85752",
                "sha256:bd84395aab8e4d36263cd1b9308cd504f6cf713b7d6d3ce25ea55670baec5416",
                "sha256:c99f4309f5145b93eca6e35ac1a988f0dc0a7ccf9ccdcd78d3c0adf57224e62f",
                "sha256:ca1cccf838cd28d5a0883b342474c630ac48cac5df0ee6eacc9c7290f76b11c1",
                "sha256:cd525e0e52a5ff16653a3fc9e3dd827981917d34996600bbc34c05d048ca35cc",
                "sha256:cdb4f085756c96a3af04e6eca7f08b1345e94b53af8921b25c72f096e704e145",
                "sha256:ce42618f67741d4697684e501ef02f29e758a123aa2d669e2d964ff734ee00ee",
                "sha256:d06730c6aed78cee4126234cf2d071e01b44b915e725a6cb439a879ec9754a3a",
                "sha256:d5fe3e099cf07d0fb5a1e23d399e5d4d1ca3e6dfcbe5c8570ccff3e9208274f7",
                "sha256:d6bcbfc99f55655c3d93feb7ef3800bd5bbe963a755687cbf1f490a71fb7794b",
                "sha256:d787272ed958a05b2c86311d3a4135d3c2aeea4fc655705f074130aa57d71653",
                "sha256:e169e957c33576f47e21864cf3fc9ff47c223a4ebca8960079b8bd36cb014fd0",
                "sha256:e20076a211cd6f9b44a6be58f7eeafa7ab5720eb796975d0c03f05b47d89eb90",
                "sha256:e826aadda3cae59295b95343db8f3d965fb31059da7de01ee8d1c40a60398b29",
                "sha256:eef4d64c650f33347c1f9266fa5ae001440b232ad9b98f1f43dfe7a79435c0a6",
                "sha256:f2e69b3ed24544b0d3dbe2c5c0ba5153ce50dcebb576fdc4696d52aa22db6034",
                "sha256:f87ec75864c37c4c6cb908d282e1969e79763e0d9becdfe9fe5473b7bb1e5f09",
                "sha256:fbec11614dba0424ca72f4e8ba3c420dba07b4a7c206c8c8e4e73f2e98f4c559",
                "sha256:fd69666217b62fa5d7c6aa88e507493a34dec4fa20c5bd925e4bc12fce586639"
            ],
            "markers": "python_version < '3.11'",
            "version": "==1.15.0"
        }
    }
}
